lockfileVersion: '9.0'

settings:
  autoInstallPeers: true
  excludeLinksFromLockfile: false

importers:

  .:
    dependencies:
      three:
        specifier: ^0.181.0
        version: 0.181.0

packages:

  three@0.181.0:
    resolution: {integrity: sha512-KGf6EOCOQGshXeleKxpxhbowQwAXR2dLlD93egHtZ9Qmk07Saf8sXDR+7wJb53Z1ORZiatZ4WGST9UsVxhHEbg==}

snapshots:

  three@0.181.0: {}
